// !$*UTF8*$!
{
	archiveVersion = 1;
	classes = {
	};
	objectVersion = 46;
	objects = {

/* Begin PBXBuildFile section */
		462AC14E1BA2191F00306480 /* AppDelegate.swift in Sources */ = {isa = PBXBuildFile; fileRef = 462AC14D1BA2191F00306480 /* AppDelegate.swift */; };
		462AC1501BA2191F00306480 /* ViewController.swift in Sources */ = {isa = PBXBuildFile; fileRef = 462AC14F1BA2191F00306480 /* ViewController.swift */; };
		462AC1531BA2191F00306480 /* Main.storyboard in Resources */ = {isa = PBXBuildFile; fileRef = 462AC1511BA2191F00306480 /* Main.storyboard */; };
		462AC1551BA2191F00306480 /* Images.xcassets in Resources */ = {isa = PBXBuildFile; fileRef = 462AC1541BA2191F00306480 /* Images.xcassets */; };
		462AC1581BA2191F00306480 /* LaunchScreen.xib in Resources */ = {isa = PBXBuildFile; fileRef = 462AC1561BA2191F00306480 /* LaunchScreen.xib */; };
		462AC1641BA2191F00306480 /* Testing2Tests.swift in Sources */ = {isa = PBXBuildFile; fileRef = 462AC1631BA2191F00306480 /* Testing2Tests.swift */; };
/* End PBXBuildFile section */

/* Begin PBXContainerItemProxy section */
		462AC15E1BA2191F00306480 /* PBXContainerItemProxy */ = {
			isa = PBXContainerItemProxy;
			containerPortal = 462AC1401BA2191F00306480 /* Project object */;
			proxyType = 1;
			remoteGlobalIDString = 462AC1471BA2191F00306480;
			remoteInfo = Testing2;
		};
/* End PBXContainerItemProxy section */

/* Begin PBXFileReference section */
		462AC1481BA2191F00306480 /* Testing2.app */ = {isa = PBXFileReference; explicitFileType = wrapper.application; includeInIndex = 0; path = Testing2.app; sourceTree = BUILT_PRODUCTS_DIR; };
		462AC14C1BA2191F00306480 /* Info.plist */ = {isa = PBXFileReference; lastKnownFileType = text.plist.xml; path = Info.plist; sourceTree = "<group>"; };
		462AC14D1BA2191F00306480 /* AppDelegate.swift */ = {isa = PBXFileReference; lastKnownFileType = sourcecode.swift; path = AppDelegate.swift; sourceTree = "<group>"; };
		462AC14F1BA2191F00306480 /* ViewController.swift */ = {isa = PBXFileReference; lastKnownFileType = sourcecode.swift; path = ViewController.swift; sourceTree = "<group>"; };
		462AC1521BA2191F00306480 /* Base */ = {isa = PBXFileReference; lastKnownFileType = file.storyboard; name = Base; path = Base.lproj/Main.storyboard; sourceTree = "<group>"; };
		462AC1541BA2191F00306480 /* Images.xcassets */ = {isa = PBXFileReference; lastKnownFileType = folder.assetcatalog; path = Images.xcassets; sourceTree = "<group>"; };
		462AC1571BA2191F00306480 /* Base */ = {isa = PBXFileReference; lastKnownFileType = file.xib; name = Base; path = Base.lproj/LaunchScreen.xib; sourceTree = "<group>"; };
		462AC15D1BA2191F00306480 /* Testing2Tests.xctest */ = {isa = PBXFileReference; explicitFileType = wrapper.cfbundle; includeInIndex = 0; path = Testing2Tests.xctest; sourceTree = BUILT_PRODUCTS_DIR; };
		462AC1621BA2191F00306480 /* Info.plist */ = {isa = PBXFileReference; lastKnownFileType = text.plist.xml; path = Info.plist; sourceTree = "<group>"; };
		462AC1631BA2191F00306480 /* Testing2Tests.swift */ = {isa = PBXFileReference; lastKnownFileType = sourcecode.swift; path = Testing2Tests.swift; sourceTree = "<group>"; };
/* End PBXFileReference section */

/* Begin PBXFrameworksBuildPhase section */
		462AC1451BA2191F00306480 /* Frameworks */ = {
			isa = PBXFrameworksBuildPhase;
			buildActionMask = 2147483647;
			files = (
			);
			runOnlyForDeploymentPostprocessing = 0;
		};
		462AC15A1BA2191F00306480 /* Frameworks */ = {
			isa = PBXFrameworksBuildPhase;
			buildActionMask = 2147483647;
			files = (
			);
			runOnlyForDeploymentPostprocessing = 0;
		};
/* End PBXFrameworksBuildPhase section */

/* Begin PBXGroup section */
		462AC13F1BA2191F00306480 = {
			isa = PBXGroup;
			children = (
				462AC14A1BA2191F00306480 /* Testing2 */,
				462AC1601BA2191F00306480 /* Testing2Tests */,
				462AC1491BA2191F00306480 /* Products */,
			);
			sourceTree = "<group>";
		};
		462AC1491BA2191F00306480 /* Products */ = {
			isa = PBXGroup;
			children = (
				462AC1481BA2191F00306480 /* Testing2.app */,
				462AC15D1BA2191F00306480 /* Testing2Tests.xctest */,
			);
			name = Products;
			sourceTree = "<group>";
		};
		462AC14A1BA2191F00306480 /* Testing2 */ = {
			isa = PBXGroup;
			children = (
				462AC14D1BA2191F00306480 /* AppDelegate.swift */,
				462AC14F1BA2191F00306480 /* ViewController.swift */,
				462AC1511BA2191F00306480 /* Main.storyboard */,
				462AC1541BA2191F00306480 /* Images.xcassets */,
				462AC1561BA2191F00306480 /* LaunchScreen.xib */,
				462AC14B1BA2191F00306480 /* Supporting Files */,
			);
			path = Testing2;
			sourceTree = "<group>";
		};
		462AC14B1BA2191F00306480 /* Supporting Files */ = {
			isa = PBXGroup;
			children = (
				462AC14C1BA2191F00306480 /* Info.plist */,
			);
			name = "Supporting Files";
			sourceTree = "<group>";
		};
		462AC1601BA2191F00306480 /* Testing2Tests */ = {
			isa = PBXGroup;
			children = (
				462AC1631BA2191F00306480 /* Testing2Tests.swift */,
				462AC1611BA2191F00306480 /* Supporting Files */,
			);
			path = Testing2Tests;
			sourceTree = "<group>";
		};
		462AC1611BA2191F00306480 /* Supporting Files */ = {
			isa = PBXGroup;
			children = (
				462AC1621BA2191F00306480 /* Info.plist */,
			);
			name = "Supporting Files";
			sourceTree = "<group>";
		};
/* End PBXGroup section */

/* Begin PBXNativeTarget section */
		462AC1471BA2191F00306480 /* Testing2 */ = {
			isa = PBXNativeTarget;
			buildConfigurationList = 462AC1671BA2191F00306480 /* Build configuration list for PBXNativeTarget "Testing2" */;
			buildPhases = (
				462AC1441BA2191F00306480 /* Sources */,
				462AC1451BA2191F00306480 /* Frameworks */,
				462AC1461BA2191F00306480 /* Resources */,
			);
			buildRules = (
			);
			dependencies = (
			);
			name = Testing2;
			productName = Testing2;
			productReference = 462AC1481BA2191F00306480 /* Testing2.app */;
			productType = "com.apple.product-type.application";
		};
		462AC15C1BA2191F00306480 /* Testing2Tests */ = {
			isa = PBXNativeTarget;
			buildConfigurationList = 462AC16A1BA2191F00306480 /* Build configuration list for PBXNativeTarget "Testing2Tests" */;
			buildPhases = (
				462AC1591BA2191F00306480 /* Sources */,
				462AC15A1BA2191F00306480 /* Frameworks */,
				462AC15B1BA2191F00306480 /* Resources */,
			);
			buildRules = (
			);
			dependencies = (
				462AC15F1BA2191F00306480 /* PBXTargetDependency */,
			);
			name = Testing2Tests;
			productName = Testing2Tests;
			productReference = 462AC15D1BA2191F00306480 /* Testing2Tests.xctest */;
			productType = "com.apple.product-type.bundle.unit-test";
		};
/* End PBXNativeTarget section */

/* Begin PBXProject section */
		462AC1401BA2191F00306480 /* Project object */ = {
			isa = PBXProject;
			attributes = {
				LastUpgradeCheck = 0640;
				ORGANIZATIONNAME = TAM;
				TargetAttributes = {
					462AC1471BA2191F00306480 = {
						CreatedOnToolsVersion = 6.4;
					};
					462AC15C1BA2191F00306480 = {
						CreatedOnToolsVersion = 6.4;
						TestTargetID = 462AC1471BA2191F00306480;
					};
				};
			};
			buildConfigurationList = 462AC1431BA2191F00306480 /* Build configuration list for PBXProject "Testing2" */;
			compatibilityVersion = "Xcode 3.2";
			developmentRegion = English;
			hasScannedForEncodings = 0;
			knownRegions = (
				en,
				Base,
			);
			mainGroup = 462AC13F1BA2191F00306480;
			productRefGroup = 462AC1491BA2191F00306480 /* Products */;
			projectDirPath = "";
			projectRoot = "";
			targets = (
				462AC1471BA2191F00306480 /* Testing2 */,
				462AC15C1BA2191F00306480 /* Testing2Tests */,
			);
		};
/* End PBXProject section */

/* Begin PBXResourcesBuildPhase section */
		462AC1461BA2191F00306480 /* Resources */ = {
			isa = PBXResourcesBuildPhase;
			buildActionMask = 2147483647;
			files = (
				462AC1531BA2191F00306480 /* Main.storyboard in Resources */,
				462AC1581BA2191F00306480 /* LaunchScreen.xib in Resources */,
				462AC1551BA2191F00306480 /* Images.xcassets in Resources */,
			);
			runOnlyForDeploymentPostprocessing = 0;
		};
		462AC15B1BA2191F00306480 /* Resources */ = {
			isa = PBXResourcesBuildPhase;
			buildActionMask = 2147483647;
			files = (
			);
			runOnlyForDeploymentPostprocessing = 0;
		};
/* End PBXResourcesBuildPhase section */

/* Begin PBXSourcesBuildPhase section */
		462AC1441BA2191F00306480 /* Sources */ = {
			isa = PBXSourcesBuildPhase;
			buildActionMask = 2147483647;
			files = (
				462AC1501BA2191F00306480 /* ViewController.swift in Sources */,
				462AC14E1BA2191F00306480 /* AppDelegate.swift in Sources */,
			);
			runOnlyForDeploymentPostprocessing = 0;
		};
		462AC1591BA2191F00306480 /* Sources */ = {
			isa = PBXSourcesBuildPhase;
			buildActionMask = 2147483647;
			files = (
				462AC1641BA2191F00306480 /* Testing2Tests.swift in Sources */,
			);
			runOnlyForDeploymentPostprocessing = 0;
		};
/* End PBXSourcesBuildPhase section */

/* Begin PBXTargetDependency section */
		462AC15F1BA2191F00306480 /* PBXTargetDependency */ = {
			isa = PBXTargetDependency;
			target = 462AC1471BA2191F00306480 /* Testing2 */;
			targetProxy = 462AC15E1BA2191F00306480 /* PBXContainerItemProxy */;
		};
/* End PBXTargetDependency section */

/* Begin PBXVariantGroup section */
		462AC1511BA2191F00306480 /* Main.storyboard */ = {
			isa = PBXVariantGroup;
			children = (
				462AC1521BA2191F00306480 /* Base */,
			);
			name = Main.storyboard;
			sourceTree = "<group>";
		};
		462AC1561BA2191F00306480 /* LaunchScreen.xib */ = {
			isa = PBXVariantGroup;
			children = (
				462AC1571BA2191F00306480 /* Base */,
			);
			name = LaunchScreen.xib;
			sourceTree = "<group>";
		};
/* End PBXVariantGroup section */

/* Begin XCBuildConfiguration section */
		462AC1651BA2191F00306480 /* Debug */ = {
			isa = XCBuildConfiguration;
			buildSettings = {
				ALWAYS_SEARCH_USER_PATHS = NO;
				CLANG_CXX_LANGUAGE_STANDARD = "gnu++0x";
				CLANG_CXX_LIBRARY = "libc++";
				CLANG_ENABLE_MODULES = YES;
				CLANG_ENABLE_OBJC_ARC = YES;
				CLANG_WARN_BOOL_CONVERSION = YES;
				CLANG_WARN_CONSTANT_CONVERSION = YES;
				CLANG_WARN_DIRECT_OBJC_ISA_USAGE = YES_ERROR;
				CLANG_WARN_EMPTY_BODY = YES;
				CLANG_WARN_ENUM_CONVERSION = YES;
				CLANG_WARN_INT_CONVERSION = YES;
				CLANG_WARN_OBJC_ROOT_CLASS = YES_ERROR;
				CLANG_WARN_UNREACHABLE_CODE = YES;
				CLANG_WARN__DUPLICATE_METHOD_MATCH = YES;
				"CODE_SIGN_IDENTITY[sdk=iphoneos*]" = "iPhone Developer";
				COPY_PHASE_STRIP = NO;
				DEBUG_INFORMATION_FORMAT = "dwarf-with-dsym";
				ENABLE_STRICT_OBJC_MSGSEND = YES;
				GCC_C_LANGUAGE_STANDARD = gnu99;
				GCC_DYNAMIC_NO_PIC = NO;
				GCC_NO_COMMON_BLOCKS = YES;
				GCC_OPTIMIZATION_LEVEL = 0;
				GCC_PREPROCESSOR_DEFINITIONS = (
					"DEBUG=1",
					"$(inherited)",
				);
				GCC_SYMBOLS_PRIVATE_EXTERN = NO;
				GCC_WARN_64_TO_32_BIT_CONVERSION = YES;
				GCC_WARN_ABOUT_RETURN_TYPE = YES_ERROR;
				GCC_WARN_UNDECLARED_SELECTOR = YES;
				GCC_WARN_UNINITIALIZED_AUTOS = YES_AGGRESSIVE;
				GCC_WARN_UNUSED_FUNCTION = YES;
				GCC_WARN_UNUSED_VARIABLE = YES;
				IPHONEOS_DEPLOYMENT_TARGET = 8.4;
				MTL_ENABLE_DEBUG_INFO = YES;
				ONLY_ACTIVE_ARCH = YES;
				SDKROOT = iphoneos;
				SWIFT_OPTIMIZATION_LEVEL = "-Onone";
			};
			name = Debug;
		};
		462AC1661BA2191F00306480 /* Release */ = {
			isa = XCBuildConfiguration;
			buildSettings = {
				ALWAYS_SEARCH_USER_PATHS = NO;
				CLANG_CXX_LANGUAGE_STANDARD = "gnu++0x";
				CLANG_CXX_LIBRARY = "libc++";
				CLANG_ENABLE_MODULES = YES;
				CLANG_ENABLE_OBJC_ARC = YES;
				CLANG_WARN_BOOL_CONVERSION = YES;
				CLANG_WARN_CONSTANT_CONVERSION = YES;
				CLANG_WARN_DIRECT_OBJC_ISA_USAGE = YES_ERROR;
				CLANG_WARN_EMPTY_BODY = YES;
				CLANG_WARN_ENUM_CONVERSION = YES;
				CLANG_WARN_INT_CONVERSION = YES;
				CLANG_WARN_OBJC_ROOT_CLASS = YES_ERROR;
				CLANG_WARN_UNREACHABLE_CODE = YES;
				CLANG_WARN__DUPLICATE_METHOD_MATCH = YES;
				"CODE_SIGN_IDENTITY[sdk=iphoneos*]" = "iPhone Developer";
				COPY_PHASE_STRIP = NO;
				DEBUG_INFORMATION_FORMAT = "dwarf-with-dsym";
				ENABLE_NS_ASSERTIONS = NO;
				ENABLE_STRICT_OBJC_MSGSEND = YES;
				GCC_C_LANGUAGE_STANDARD = gnu99;
				GCC_NO_COMMON_BLOCKS = YES;
				GCC_WARN_64_TO_32_BIT_CONVERSION = YES;
				GCC_WARN_ABOUT_RETURN_TYPE = YES_ERROR;
				GCC_WARN_UNDECLARED_SELECTOR = YES;
				GCC_WARN_UNINITIALIZED_AUTOS = YES_AGGRESSIVE;
				GCC_WARN_UNUSED_FUNCTION = YES;
				GCC_WARN_UNUSED_VARIABLE = YES;
				IPHONEOS_DEPLOYMENT_TARGET = 8.4;
				MTL_ENABLE_DEBUG_INFO = NO;
				SDKROOT = iphoneos;
				VALIDATE_PRODUCT = YES;
			};
			name = Release;
		};
		462AC1681BA2191F00306480 /* Debug */ = {
			isa = XCBuildConfiguration;
			buildSettings = {
				ASSETCATALOG_COMPILER_APPICON_NAME = AppIcon;
				INFOPLIST_FILE = Testing2/Info.plist;
				LD_RUNPATH_SEARCH_PATHS = "$(inherited) @executable_path/Frameworks";
				PRODUCT_NAME = "$(TARGET_NAME)";
			};
			name = Debug;
		};
		462AC1691BA2191F00306480 /* Release */ = {
			isa = XCBuildConfiguration;
			buildSettings = {
				ASSETCATALOG_COMPILER_APPICON_NAME = AppIcon;
				INFOPLIST_FILE = Testing2/Info.plist;
				LD_RUNPATH_SEARCH_PATHS = "$(inherited) @executable_path/Frameworks";
				PRODUCT_NAME = "$(TARGET_NAME)";
			};
			name = Release;
		};
		462AC16B1BA2191F00306480 /* Debug */ = {
			isa = XCBuildConfiguration;
			buildSettings = {
				BUNDLE_LOADER = "$(TEST_HOST)";
				FRAMEWORK_SEARCH_PATHS = (
					"$(SDKROOT)/Developer/Library/Frameworks",
					"$(inherited)",
				);
				GCC_PREPROCESSOR_DEFINITIONS = (
					"DEBUG=1",
					"$(inherited)",
				);
				INFOPLIST_FILE = Testing2Tests/Info.plist;
				LD_RUNPATH_SEARCH_PATHS = "$(inherited) @executable_path/Frameworks @loader_path/Frameworks";
				PRODUCT_NAME = "$(TARGET_NAME)";
				TEST_HOST = "$(BUILT_PRODUCTS_DIR)/Testing2.app/Testing2";
			};
			name = Debug;
		};
		462AC16C1BA2191F00306480 /* Release */ = {
			isa = XCBuildConfiguration;
			buildSettings = {
				BUNDLE_LOADER = "$(TEST_HOST)";
				FRAMEWORK_SEARCH_PATHS = (
					"$(SDKROOT)/Developer/Library/Frameworks",
					"$(inherited)",
				);
				INFOPLIST_FILE = Testing2Tests/Info.plist;
				LD_RUNPATH_SEARCH_PATHS = "$(inherited) @executable_path/Frameworks @loader_path/Frameworks";
				PRODUCT_NAME = "$(TARGET_NAME)";
				TEST_HOST = "$(BUILT_PRODUCTS_DIR)/Testing2.app/Testing2";
			};
			name = Release;
		};
/* End XCBuildConfiguration section */

/* Begin XCConfigurationList section */
		462AC1431BA2191F00306480 /* Build configuration list for PBXProject "Testing2" */ = {
			isa = XCConfigurationList;
			buildConfigurations = (
				462AC1651BA2191F00306480 /* Debug */,
				462AC1661BA2191F00306480 /* Release */,
			);
			defaultConfigurationIsVisible = 0;
			defaultConfigurationName = Release;
		};
		462AC1671BA2191F00306480 /* Build configuration list for PBXNativeTarget "Testing2" */ = {
			isa = XCConfigurationList;
			buildConfigurations = (
				462AC1681BA2191F00306480 /* Debug */,
				462AC1691BA2191F00306480 /* Release */,
			);
			defaultConfigurationIsVisible = 0;
		};
		462AC16A1BA2191F00306480 /* Build configuration list for PBXNativeTarget "Testing2Tests" */ = {
			isa = XCConfigurationList;
			buildConfigurations = (
				462AC16B1BA2191F00306480 /* Debug */,
				462AC16C1BA2191F00306480 /* Release */,
			);
			defaultConfigurationIsVisible = 0;
		};
/* End XCConfigurationList section */
	};
	rootObject = 462AC1401BA2191F00306480 /* Project object */;
}
