// !$*UTF8*$!
{
	archiveVersion = 1;
	classes = {
	};
	objectVersion = 46;
	objects = {

/* Begin PBXBuildFile section */
		4603A08A1BBB7F56009FD8A9 /* AppDelegate.swift in Sources */ = {isa = PBXBuildFile; fileRef = 4603A0891BBB7F56009FD8A9 /* AppDelegate.swift */; };
		4603A08C1BBB7F56009FD8A9 /* ViewController.swift in Sources */ = {isa = PBXBuildFile; fileRef = 4603A08B1BBB7F56009FD8A9 /* ViewController.swift */; };
		4603A08F1BBB7F56009FD8A9 /* Main.storyboard in Resources */ = {isa = PBXBuildFile; fileRef = 4603A08D1BBB7F56009FD8A9 /* Main.storyboard */; };
		4603A0911BBB7F56009FD8A9 /* Images.xcassets in Resources */ = {isa = PBXBuildFile; fileRef = 4603A0901BBB7F56009FD8A9 /* Images.xcassets */; };
		4603A0941BBB7F56009FD8A9 /* LaunchScreen.xib in Resources */ = {isa = PBXBuildFile; fileRef = 4603A0921BBB7F56009FD8A9 /* LaunchScreen.xib */; };
		4603A0A01BBB7F57009FD8A9 /* Energy_saver_projectTests.swift in Sources */ = {isa = PBXBuildFile; fileRef = 4603A09F1BBB7F57009FD8A9 /* Energy_saver_projectTests.swift */; };
/* End PBXBuildFile section */

/* Begin PBXContainerItemProxy section */
		4603A09A1BBB7F57009FD8A9 /* PBXContainerItemProxy */ = {
			isa = PBXContainerItemProxy;
			containerPortal = 4603A07C1BBB7F56009FD8A9 /* Project object */;
			proxyType = 1;
			remoteGlobalIDString = 4603A0831BBB7F56009FD8A9;
			remoteInfo = "Energy saver project";
		};
/* End PBXContainerItemProxy section */

/* Begin PBXFileReference section */
		4603A0841BBB7F56009FD8A9 /* Energy saver project.app */ = {isa = PBXFileReference; explicitFileType = wrapper.application; includeInIndex = 0; path = "Energy saver project.app"; sourceTree = BUILT_PRODUCTS_DIR; };
		4603A0881BBB7F56009FD8A9 /* Info.plist */ = {isa = PBXFileReference; lastKnownFileType = text.plist.xml; path = Info.plist; sourceTree = "<group>"; };
		4603A0891BBB7F56009FD8A9 /* AppDelegate.swift */ = {isa = PBXFileReference; lastKnownFileType = sourcecode.swift; path = AppDelegate.swift; sourceTree = "<group>"; };
		4603A08B1BBB7F56009FD8A9 /* ViewController.swift */ = {isa = PBXFileReference; lastKnownFileType = sourcecode.swift; path = ViewController.swift; sourceTree = "<group>"; };
		4603A08E1BBB7F56009FD8A9 /* Base */ = {isa = PBXFileReference; lastKnownFileType = file.storyboard; name = Base; path = Base.lproj/Main.storyboard; sourceTree = "<group>"; };
		4603A0901BBB7F56009FD8A9 /* Images.xcassets */ = {isa = PBXFileReference; lastKnownFileType = folder.assetcatalog; path = Images.xcassets; sourceTree = "<group>"; };
		4603A0931BBB7F56009FD8A9 /* Base */ = {isa = PBXFileReference; lastKnownFileType = file.xib; name = Base; path = Base.lproj/LaunchScreen.xib; sourceTree = "<group>"; };
		4603A0991BBB7F57009FD8A9 /* Energy saver projectTests.xctest */ = {isa = PBXFileReference; explicitFileType = wrapper.cfbundle; includeInIndex = 0; path = "Energy saver projectTests.xctest"; sourceTree = BUILT_PRODUCTS_DIR; };
		4603A09E1BBB7F57009FD8A9 /* Info.plist */ = {isa = PBXFileReference; lastKnownFileType = text.plist.xml; path = Info.plist; sourceTree = "<group>"; };
		4603A09F1BBB7F57009FD8A9 /* Energy_saver_projectTests.swift */ = {isa = PBXFileReference; lastKnownFileType = sourcecode.swift; path = Energy_saver_projectTests.swift; sourceTree = "<group>"; };
/* End PBXFileReference section */

/* Begin PBXFrameworksBuildPhase section */
		4603A0811BBB7F56009FD8A9 /* Frameworks */ = {
			isa = PBXFrameworksBuildPhase;
			buildActionMask = 2147483647;
			files = (
			);
			runOnlyForDeploymentPostprocessing = 0;
		};
		4603A0961BBB7F57009FD8A9 /* Frameworks */ = {
			isa = PBXFrameworksBuildPhase;
			buildActionMask = 2147483647;
			files = (
			);
			runOnlyForDeploymentPostprocessing = 0;
		};
/* End PBXFrameworksBuildPhase section */

/* Begin PBXGroup section */
		4603A07B1BBB7F56009FD8A9 = {
			isa = PBXGroup;
			children = (
				4603A0861BBB7F56009FD8A9 /* Energy saver project */,
				4603A09C1BBB7F57009FD8A9 /* Energy saver projectTests */,
				4603A0851BBB7F56009FD8A9 /* Products */,
			);
			sourceTree = "<group>";
		};
		4603A0851BBB7F56009FD8A9 /* Products */ = {
			isa = PBXGroup;
			children = (
				4603A0841BBB7F56009FD8A9 /* Energy saver project.app */,
				4603A0991BBB7F57009FD8A9 /* Energy saver projectTests.xctest */,
			);
			name = Products;
			sourceTree = "<group>";
		};
		4603A0861BBB7F56009FD8A9 /* Energy saver project */ = {
			isa = PBXGroup;
			children = (
				4603A0891BBB7F56009FD8A9 /* AppDelegate.swift */,
				4603A08B1BBB7F56009FD8A9 /* ViewController.swift */,
				4603A08D1BBB7F56009FD8A9 /* Main.storyboard */,
				4603A0901BBB7F56009FD8A9 /* Images.xcassets */,
				4603A0921BBB7F56009FD8A9 /* LaunchScreen.xib */,
				4603A0871BBB7F56009FD8A9 /* Supporting Files */,
			);
			path = "Energy saver project";
			sourceTree = "<group>";
		};
		4603A0871BBB7F56009FD8A9 /* Supporting Files */ = {
			isa = PBXGroup;
			children = (
				4603A0881BBB7F56009FD8A9 /* Info.plist */,
			);
			name = "Supporting Files";
			sourceTree = "<group>";
		};
		4603A09C1BBB7F57009FD8A9 /* Energy saver projectTests */ = {
			isa = PBXGroup;
			children = (
				4603A09F1BBB7F57009FD8A9 /* Energy_saver_projectTests.swift */,
				4603A09D1BBB7F57009FD8A9 /* Supporting Files */,
			);
			path = "Energy saver projectTests";
			sourceTree = "<group>";
		};
		4603A09D1BBB7F57009FD8A9 /* Supporting Files */ = {
			isa = PBXGroup;
			children = (
				4603A09E1BBB7F57009FD8A9 /* Info.plist */,
			);
			name = "Supporting Files";
			sourceTree = "<group>";
		};
/* End PBXGroup section */

/* Begin PBXNativeTarget section */
		4603A0831BBB7F56009FD8A9 /* Energy saver project */ = {
			isa = PBXNativeTarget;
			buildConfigurationList = 4603A0A31BBB7F57009FD8A9 /* Build configuration list for PBXNativeTarget "Energy saver project" */;
			buildPhases = (
				4603A0801BBB7F56009FD8A9 /* Sources */,
				4603A0811BBB7F56009FD8A9 /* Frameworks */,
				4603A0821BBB7F56009FD8A9 /* Resources */,
			);
			buildRules = (
			);
			dependencies = (
			);
			name = "Energy saver project";
			productName = "Energy saver project";
			productReference = 4603A0841BBB7F56009FD8A9 /* Energy saver project.app */;
			productType = "com.apple.product-type.application";
		};
		4603A0981BBB7F57009FD8A9 /* Energy saver projectTests */ = {
			isa = PBXNativeTarget;
			buildConfigurationList = 4603A0A61BBB7F57009FD8A9 /* Build configuration list for PBXNativeTarget "Energy saver projectTests" */;
			buildPhases = (
				4603A0951BBB7F57009FD8A9 /* Sources */,
				4603A0961BBB7F57009FD8A9 /* Frameworks */,
				4603A0971BBB7F57009FD8A9 /* Resources */,
			);
			buildRules = (
			);
			dependencies = (
				4603A09B1BBB7F57009FD8A9 /* PBXTargetDependency */,
			);
			name = "Energy saver projectTests";
			productName = "Energy saver projectTests";
			productReference = 4603A0991BBB7F57009FD8A9 /* Energy saver projectTests.xctest */;
			productType = "com.apple.product-type.bundle.unit-test";
		};
/* End PBXNativeTarget section */

/* Begin PBXProject section */
		4603A07C1BBB7F56009FD8A9 /* Project object */ = {
			isa = PBXProject;
			attributes = {
				LastUpgradeCheck = 0640;
				ORGANIZATIONNAME = TAM;
				TargetAttributes = {
					4603A0831BBB7F56009FD8A9 = {
						CreatedOnToolsVersion = 6.4;
					};
					4603A0981BBB7F57009FD8A9 = {
						CreatedOnToolsVersion = 6.4;
						TestTargetID = 4603A0831BBB7F56009FD8A9;
					};
				};
			};
			buildConfigurationList = 4603A07F1BBB7F56009FD8A9 /* Build configuration list for PBXProject "Energy saver project" */;
			compatibilityVersion = "Xcode 3.2";
			developmentRegion = English;
			hasScannedForEncodings = 0;
			knownRegions = (
				en,
				Base,
			);
			mainGroup = 4603A07B1BBB7F56009FD8A9;
			productRefGroup = 4603A0851BBB7F56009FD8A9 /* Products */;
			projectDirPath = "";
			projectRoot = "";
			targets = (
				4603A0831BBB7F56009FD8A9 /* Energy saver project */,
				4603A0981BBB7F57009FD8A9 /* Energy saver projectTests */,
			);
		};
/* End PBXProject section */

/* Begin PBXResourcesBuildPhase section */
		4603A0821BBB7F56009FD8A9 /* Resources */ = {
			isa = PBXResourcesBuildPhase;
			buildActionMask = 2147483647;
			files = (
				4603A08F1BBB7F56009FD8A9 /* Main.storyboard in Resources */,
				4603A0941BBB7F56009FD8A9 /* LaunchScreen.xib in Resources */,
				4603A0911BBB7F56009FD8A9 /* Images.xcassets in Resources */,
			);
			runOnlyForDeploymentPostprocessing = 0;
		};
		4603A0971BBB7F57009FD8A9 /* Resources */ = {
			isa = PBXResourcesBuildPhase;
			buildActionMask = 2147483647;
			files = (
			);
			runOnlyForDeploymentPostprocessing = 0;
		};
/* End PBXResourcesBuildPhase section */

/* Begin PBXSourcesBuildPhase section */
		4603A0801BBB7F56009FD8A9 /* Sources */ = {
			isa = PBXSourcesBuildPhase;
			buildActionMask = 2147483647;
			files = (
				4603A08C1BBB7F56009FD8A9 /* ViewController.swift in Sources */,
				4603A08A1BBB7F56009FD8A9 /* AppDelegate.swift in Sources */,
			);
			runOnlyForDeploymentPostprocessing = 0;
		};
		4603A0951BBB7F57009FD8A9 /* Sources */ = {
			isa = PBXSourcesBuildPhase;
			buildActionMask = 2147483647;
			files = (
				4603A0A01BBB7F57009FD8A9 /* Energy_saver_projectTests.swift in Sources */,
			);
			runOnlyForDeploymentPostprocessing = 0;
		};
/* End PBXSourcesBuildPhase section */

/* Begin PBXTargetDependency section */
		4603A09B1BBB7F57009FD8A9 /* PBXTargetDependency */ = {
			isa = PBXTargetDependency;
			target = 4603A0831BBB7F56009FD8A9 /* Energy saver project */;
			targetProxy = 4603A09A1BBB7F57009FD8A9 /* PBXContainerItemProxy */;
		};
/* End PBXTargetDependency section */

/* Begin PBXVariantGroup section */
		4603A08D1BBB7F56009FD8A9 /* Main.storyboard */ = {
			isa = PBXVariantGroup;
			children = (
				4603A08E1BBB7F56009FD8A9 /* Base */,
			);
			name = Main.storyboard;
			sourceTree = "<group>";
		};
		4603A0921BBB7F56009FD8A9 /* LaunchScreen.xib */ = {
			isa = PBXVariantGroup;
			children = (
				4603A0931BBB7F56009FD8A9 /* Base */,
			);
			name = LaunchScreen.xib;
			sourceTree = "<group>";
		};
/* End PBXVariantGroup section */

/* Begin XCBuildConfiguration section */
		4603A0A11BBB7F57009FD8A9 /* Debug */ = {
			isa = XCBuildConfiguration;
			buildSettings = {
				ALWAYS_SEARCH_USER_PATHS = NO;
				CLANG_CXX_LANGUAGE_STANDARD = "gnu++0x";
				CLANG_CXX_LIBRARY = "libc++";
				CLANG_ENABLE_MODULES = YES;
				CLANG_ENABLE_OBJC_ARC = YES;
				CLANG_WARN_BOOL_CONVERSION = YES;
				CLANG_WARN_CONSTANT_CONVERSION = YES;
				CLANG_WARN_DIRECT_OBJC_ISA_USAGE = YES_ERROR;
				CLANG_WARN_EMPTY_BODY = YES;
				CLANG_WARN_ENUM_CONVERSION = YES;
				CLANG_WARN_INT_CONVERSION = YES;
				CLANG_WARN_OBJC_ROOT_CLASS = YES_ERROR;
				CLANG_WARN_UNREACHABLE_CODE = YES;
				CLANG_WARN__DUPLICATE_METHOD_MATCH = YES;
				"CODE_SIGN_IDENTITY[sdk=iphoneos*]" = "iPhone Developer";
				COPY_PHASE_STRIP = NO;
				DEBUG_INFORMATION_FORMAT = "dwarf-with-dsym";
				ENABLE_STRICT_OBJC_MSGSEND = YES;
				GCC_C_LANGUAGE_STANDARD = gnu99;
				GCC_DYNAMIC_NO_PIC = NO;
				GCC_NO_COMMON_BLOCKS = YES;
				GCC_OPTIMIZATION_LEVEL = 0;
				GCC_PREPROCESSOR_DEFINITIONS = (
					"DEBUG=1",
					"$(inherited)",
				);
				GCC_SYMBOLS_PRIVATE_EXTERN = NO;
				GCC_WARN_64_TO_32_BIT_CONVERSION = YES;
				GCC_WARN_ABOUT_RETURN_TYPE = YES_ERROR;
				GCC_WARN_UNDECLARED_SELECTOR = YES;
				GCC_WARN_UNINITIALIZED_AUTOS = YES_AGGRESSIVE;
				GCC_WARN_UNUSED_FUNCTION = YES;
				GCC_WARN_UNUSED_VARIABLE = YES;
				IPHONEOS_DEPLOYMENT_TARGET = 8.4;
				MTL_ENABLE_DEBUG_INFO = YES;
				ONLY_ACTIVE_ARCH = YES;
				SDKROOT = iphoneos;
				SWIFT_OPTIMIZATION_LEVEL = "-Onone";
			};
			name = Debug;
		};
		4603A0A21BBB7F57009FD8A9 /* Release */ = {
			isa = XCBuildConfiguration;
			buildSettings = {
				ALWAYS_SEARCH_USER_PATHS = NO;
				CLANG_CXX_LANGUAGE_STANDARD = "gnu++0x";
				CLANG_CXX_LIBRARY = "libc++";
				CLANG_ENABLE_MODULES = YES;
				CLANG_ENABLE_OBJC_ARC = YES;
				CLANG_WARN_BOOL_CONVERSION = YES;
				CLANG_WARN_CONSTANT_CONVERSION = YES;
				CLANG_WARN_DIRECT_OBJC_ISA_USAGE = YES_ERROR;
				CLANG_WARN_EMPTY_BODY = YES;
				CLANG_WARN_ENUM_CONVERSION = YES;
				CLANG_WARN_INT_CONVERSION = YES;
				CLANG_WARN_OBJC_ROOT_CLASS = YES_ERROR;
				CLANG_WARN_UNREACHABLE_CODE = YES;
				CLANG_WARN__DUPLICATE_METHOD_MATCH = YES;
				"CODE_SIGN_IDENTITY[sdk=iphoneos*]" = "iPhone Developer";
				COPY_PHASE_STRIP = NO;
				DEBUG_INFORMATION_FORMAT = "dwarf-with-dsym";
				ENABLE_NS_ASSERTIONS = NO;
				ENABLE_STRICT_OBJC_MSGSEND = YES;
				GCC_C_LANGUAGE_STANDARD = gnu99;
				GCC_NO_COMMON_BLOCKS = YES;
				GCC_WARN_64_TO_32_BIT_CONVERSION = YES;
				GCC_WARN_ABOUT_RETURN_TYPE = YES_ERROR;
				GCC_WARN_UNDECLARED_SELECTOR = YES;
				GCC_WARN_UNINITIALIZED_AUTOS = YES_AGGRESSIVE;
				GCC_WARN_UNUSED_FUNCTION = YES;
				GCC_WARN_UNUSED_VARIABLE = YES;
				IPHONEOS_DEPLOYMENT_TARGET = 8.4;
				MTL_ENABLE_DEBUG_INFO = NO;
				SDKROOT = iphoneos;
				VALIDATE_PRODUCT = YES;
			};
			name = Release;
		};
		4603A0A41BBB7F57009FD8A9 /* Debug */ = {
			isa = XCBuildConfiguration;
			buildSettings = {
				ASSETCATALOG_COMPILER_APPICON_NAME = AppIcon;
				INFOPLIST_FILE = "Energy saver project/Info.plist";
				LD_RUNPATH_SEARCH_PATHS = "$(inherited) @executable_path/Frameworks";
				PRODUCT_NAME = "$(TARGET_NAME)";
			};
			name = Debug;
		};
		4603A0A51BBB7F57009FD8A9 /* Release */ = {
			isa = XCBuildConfiguration;
			buildSettings = {
				ASSETCATALOG_COMPILER_APPICON_NAME = AppIcon;
				INFOPLIST_FILE = "Energy saver project/Info.plist";
				LD_RUNPATH_SEARCH_PATHS = "$(inherited) @executable_path/Frameworks";
				PRODUCT_NAME = "$(TARGET_NAME)";
			};
			name = Release;
		};
		4603A0A71BBB7F57009FD8A9 /* Debug */ = {
			isa = XCBuildConfiguration;
			buildSettings = {
				BUNDLE_LOADER = "$(TEST_HOST)";
				FRAMEWORK_SEARCH_PATHS = (
					"$(SDKROOT)/Developer/Library/Frameworks",
					"$(inherited)",
				);
				GCC_PREPROCESSOR_DEFINITIONS = (
					"DEBUG=1",
					"$(inherited)",
				);
				INFOPLIST_FILE = "Energy saver projectTests/Info.plist";
				LD_RUNPATH_SEARCH_PATHS = "$(inherited) @executable_path/Frameworks @loader_path/Frameworks";
				PRODUCT_NAME = "$(TARGET_NAME)";
				TEST_HOST = "$(BUILT_PRODUCTS_DIR)/Energy saver project.app/Energy saver project";
			};
			name = Debug;
		};
		4603A0A81BBB7F57009FD8A9 /* Release */ = {
			isa = XCBuildConfiguration;
			buildSettings = {
				BUNDLE_LOADER = "$(TEST_HOST)";
				FRAMEWORK_SEARCH_PATHS = (
					"$(SDKROOT)/Developer/Library/Frameworks",
					"$(inherited)",
				);
				INFOPLIST_FILE = "Energy saver projectTests/Info.plist";
				LD_RUNPATH_SEARCH_PATHS = "$(inherited) @executable_path/Frameworks @loader_path/Frameworks";
				PRODUCT_NAME = "$(TARGET_NAME)";
				TEST_HOST = "$(BUILT_PRODUCTS_DIR)/Energy saver project.app/Energy saver project";
			};
			name = Release;
		};
/* End XCBuildConfiguration section */

/* Begin XCConfigurationList section */
		4603A07F1BBB7F56009FD8A9 /* Build configuration list for PBXProject "Energy saver project" */ = {
			isa = XCConfigurationList;
			buildConfigurations = (
				4603A0A11BBB7F57009FD8A9 /* Debug */,
				4603A0A21BBB7F57009FD8A9 /* Release */,
			);
			defaultConfigurationIsVisible = 0;
			defaultConfigurationName = Release;
		};
		4603A0A31BBB7F57009FD8A9 /* Build configuration list for PBXNativeTarget "Energy saver project" */ = {
			isa = XCConfigurationList;
			buildConfigurations = (
				4603A0A41BBB7F57009FD8A9 /* Debug */,
				4603A0A51BBB7F57009FD8A9 /* Release */,
			);
			defaultConfigurationIsVisible = 0;
		};
		4603A0A61BBB7F57009FD8A9 /* Build configuration list for PBXNativeTarget "Energy saver projectTests" */ = {
			isa = XCConfigurationList;
			buildConfigurations = (
				4603A0A71BBB7F57009FD8A9 /* Debug */,
				4603A0A81BBB7F57009FD8A9 /* Release */,
			);
			defaultConfigurationIsVisible = 0;
		};
/* End XCConfigurationList section */
	};
	rootObject = 4603A07C1BBB7F56009FD8A9 /* Project object */;
}
